
Microsoft Visual Studio Solution File, Format Version 12.00
# Visual Studio Version 17
VisualStudioVersion = 17.12.35527.113
MinimumVisualStudioVersion = 10.0.40219.1
Project("{2150E333-8FDC-42A3-9474-1A3956D46DE8}") = "Services", "Services", "{02EA681E-C7D8-13C7-8484-4AC65E1B71E8}"
EndProject
Project("{2150E333-8FDC-42A3-9474-1A3956D46DE8}") = "Product", "Product", "{0B9A1F68-DB1E-4B74-B353-853C8A360AE9}"
EndProject
Project("{2150E333-8FDC-42A3-9474-1A3956D46DE8}") = "APIGateWay", "APIGateWay", "{A0EE1A88-D0B2-4B3F-9FAC-3DA64B54BC6D}"
EndProject
Project("{2150E333-8FDC-42A3-9474-1A3956D46DE8}") = "BuildingBlocks", "BuildingBlocks", "{26004ADA-4894-4379-B92A-D4304699DAB1}"
EndProject
Project("{9A19103F-16F7-4668-BE54-9A1E7A4F7556}") = "BuildingBlocks", "BuildingBlocks\BuildingBlocks\BuildingBlocks.csproj", "{7F6E6B11-7DE9-45B9-AF14-D13469CA20E2}"
EndProject
Project("{2150E333-8FDC-42A3-9474-1A3956D46DE8}") = "Payment", "Payment", "{7F6A3B33-0CC8-4746-AFF8-C520FD6C72AB}"
EndProject
Project("{9A19103F-16F7-4668-BE54-9A1E7A4F7556}") = "Product.API", "Services\Product\Product.API\Product.API.csproj", "{DC1BBD7A-2C06-4A1A-91D0-E77214BCF1B5}"
EndProject
Project("{9A19103F-16F7-4668-BE54-9A1E7A4F7556}") = "Product.Application", "Services\Product\Product.Application\Product.Application.csproj", "{2A903599-20B2-4EE4-B02C-719A16FB6730}"
EndProject
Project("{9A19103F-16F7-4668-BE54-9A1E7A4F7556}") = "Product.Domain", "Services\Product\Product.Domain\Product.Domain.csproj", "{D91FFBC1-0929-4C27-AC9B-8A7A79D50DD7}"
EndProject
Project("{9A19103F-16F7-4668-BE54-9A1E7A4F7556}") = "Product.Infrastructure", "Services\Product\Product.Infrastructure\Product.Infrastructure.csproj", "{EA29BEB1-E766-4884-A665-61603AFD3165}"
EndProject
Project("{2150E333-8FDC-42A3-9474-1A3956D46DE8}") = "Identity", "Identity", "{754DDD82-E53E-4CD7-BE1A-6C7698601FC3}"
EndProject
Project("{FAE04EC0-301F-11D3-BF4B-00C04F79EFBC}") = "YarpApiGateWay", "ApiGateWays\YarpApiGateWay\YarpApiGateWay.csproj", "{03F2EDB7-783F-477C-8C09-49ADF0D77250}"
EndProject
Project("{FAE04EC0-301F-11D3-BF4B-00C04F79EFBC}") = "UTCShop.AppHost", "Aspire\UTCShop.AppHost\UTCShop.AppHost.csproj", "{4696EADF-0C49-492D-A8A9-4361FDB67217}"
EndProject
Project("{FAE04EC0-301F-11D3-BF4B-00C04F79EFBC}") = "UTCShop.ServiceDefaults", "Aspire\UTCShop.ServiceDefaults\UTCShop.ServiceDefaults.csproj", "{C4C3CCCF-C2DE-97F0-D3D3-F4F1829A2A30}"
EndProject
Project("{2150E333-8FDC-42A3-9474-1A3956D46DE8}") = "Util", "Util", "{A95294CB-247A-41F8-BD00-3F0B0908A8F7}"
EndProject
Project("{FAE04EC0-301F-11D3-BF4B-00C04F79EFBC}") = "Util.API", "Services\Util\Util.API\Util.API.csproj", "{43D3870B-B6AB-4389-8578-70C435F81948}"
EndProject
Project("{FAE04EC0-301F-11D3-BF4B-00C04F79EFBC}") = "Identity.API", "Services\Identity\Identity.API\Identity.API.csproj", "{D2D2A726-4451-482D-8FB3-FE3E90B7DB49}"
EndProject
Project("{FAE04EC0-301F-11D3-BF4B-00C04F79EFBC}") = "Identity.Application", "Services\Identity\Identity.Application\Identity.Application.csproj", "{6E7C73A5-3C5F-4C5B-8A3C-0FC80A11A86C}"
EndProject
Project("{FAE04EC0-301F-11D3-BF4B-00C04F79EFBC}") = "Identity.Domain", "Services\Identity\Identity.Domain\Identity.Domain.csproj", "{813C95FD-6187-4084-8E49-1DE7A71E5B75}"
EndProject
Project("{FAE04EC0-301F-11D3-BF4B-00C04F79EFBC}") = "Identity.Infrastructure", "Services\Identity\Identity.Infrastructure\Identity.Infrastructure.csproj", "{2251A8C8-77B8-41FB-AF6D-27F2CB6BDE6F}"
EndProject
Project("{2150E333-8FDC-42A3-9474-1A3956D46DE8}") = "Cart", "Cart", "{4E64E6BF-7F5A-46D7-AE47-89A7D227B522}"
EndProject
Project("{2150E333-8FDC-42A3-9474-1A3956D46DE8}") = "Discount", "Discount", "{61DAC635-FAFA-46D5-B37B-AAFDBE11D3FB}"
EndProject
Project("{2150E333-8FDC-42A3-9474-1A3956D46DE8}") = "Tools", "Tools", "{CF184EDE-DA45-4047-837F-F8B0AA6AAC97}"
EndProject
Project("{FAE04EC0-301F-11D3-BF4B-00C04F79EFBC}") = "BuildingBlocks.Messaging", "BuildingBlocks\BuildingBlocks.Messaging\BuildingBlocks.Messaging\BuildingBlocks.Messaging.csproj", "{45F41476-9C2C-4F7E-99C9-A069905F842A}"
EndProject
Project("{FAE04EC0-301F-11D3-BF4B-00C04F79EFBC}") = "Cart.Domain", "Services\Cart\Cart.Domain\Cart.Domain.csproj", "{2C35C1FE-523C-454C-92E8-A214BB5CFD7F}"
EndProject
Project("{FAE04EC0-301F-11D3-BF4B-00C04F79EFBC}") = "Cart.API", "Services\Cart\Cart.API\Cart.API.csproj", "{BCD5F7F0-7D2F-4E26-8094-396CD20A3336}"
EndProject
Project("{FAE04EC0-301F-11D3-BF4B-00C04F79EFBC}") = "Cart.Application", "Services\Cart\Cart.Application\Cart.Application.csproj", "{F78F3E9C-A374-48E7-9879-7AA4D3518849}"
EndProject
Project("{FAE04EC0-301F-11D3-BF4B-00C04F79EFBC}") = "Cart.Infrastructure", "Services\Cart\Cart.Infrastructure\Cart.Infrastructure.csproj", "{421618C8-1038-45F9-A56C-378CC725162D}"
EndProject
Project("{2150E333-8FDC-42A3-9474-1A3956D46DE8}") = "BackgroundJobs", "BackgroundJobs", "{11764D9C-6E09-4F84-91CA-D2B8EF7E12D8}"
EndProject
Project("{FAE04EC0-301F-11D3-BF4B-00C04F79EFBC}") = "Base", "BackgroundJobs\Base\Base\Base.csproj", "{A490A620-38DB-4C4B-9085-9D12A340FDFE}"
EndProject
Project("{FAE04EC0-301F-11D3-BF4B-00C04F79EFBC}") = "BackgroundJob", "BackgroundJobs\BackGroundJob\BackgroundJob.csproj", "{A007E602-A580-4D4C-9D8F-45A41E06283A}"
EndProject
Project("{2150E333-8FDC-42A3-9474-1A3956D46DE8}") = "Inventory", "Inventory", "{B89B2109-C908-4400-BA59-63C66EA45C67}"
EndProject
Project("{FAE04EC0-301F-11D3-BF4B-00C04F79EFBC}") = "Inventory.API", "Services\Inventory\Inventory.API\Inventory.API.csproj", "{093A5F04-042D-44A3-A2D3-32DC45525EE2}"
EndProject
Project("{FAE04EC0-301F-11D3-BF4B-00C04F79EFBC}") = "Inventory.Domain", "Services\Inventory\Inventory.Domain\Inventory.Domain.csproj", "{EB042CBD-50D0-4BDF-8928-11A10324B5F3}"
EndProject
Project("{FAE04EC0-301F-11D3-BF4B-00C04F79EFBC}") = "Inventory.Application", "Services\Inventory\Inventory.Application\Inventory.Application.csproj", "{96EA85C2-E9E8-48FF-9EFA-06FB28D9A955}"
EndProject
Project("{FAE04EC0-301F-11D3-BF4B-00C04F79EFBC}") = "Inventory.Infrastructure", "Inventory.Infrastructure\Inventory.Infrastructure.csproj", "{3192C05E-EC36-4AE5-BFB0-98B5E911B88F}"
EndProject
Project("{FAE04EC0-301F-11D3-BF4B-00C04F79EFBC}") = "Product.Grpc", "Services\Product\Product.Grpc\Product.Grpc.csproj", "{A0AEDCAB-FB37-2B56-FA6A-1D7645E0BAB6}"
EndProject
Project("{2150E333-8FDC-42A3-9474-1A3956D46DE8}") = "Storage", "Storage", "{E81CB018-278F-45B3-AB2D-F505DC782C57}"
EndProject
Project("{2150E333-8FDC-42A3-9474-1A3956D46DE8}") = "Configuration", "Configuration", "{7EB21EA2-6B98-4B1D-B7F4-1AE7C8B6DB0D}"
EndProject
Project("{FAE04EC0-301F-11D3-BF4B-00C04F79EFBC}") = "Storage.API", "Services\Storage\Storage.API\Storage.API.csproj", "{E4A083BF-92E3-4CAC-B63D-C293E038DA02}"
EndProject
Project("{FAE04EC0-301F-11D3-BF4B-00C04F79EFBC}") = "Configuration.API", "Services\Configuration\Configuration.API\Configuration.API.csproj", "{0167C0C6-1782-4D77-BC58-43CC154CC28B}"
EndProject
Project("{FAE04EC0-301F-11D3-BF4B-00C04F79EFBC}") = "Configuration.Application", "Services\Configuration\Configuration.Application\Configuration.Application.csproj", "{0F6AC135-B83A-4F78-B668-1C1E26649F14}"
EndProject
Project("{FAE04EC0-301F-11D3-BF4B-00C04F79EFBC}") = "Configuration.Domain", "Services\Configuration\Configuration.Domain\Configuration.Domain.csproj", "{04EA1324-0E26-49F3-8E65-24F1C6863FC9}"
EndProject
Project("{FAE04EC0-301F-11D3-BF4B-00C04F79EFBC}") = "Configuration.Infrastructure", "Services\Configuration\Configuration.Infrastructure\Configuration.Infrastructure.csproj", "{092E0155-E7B4-4B85-921F-1FF23977F8D2}"
EndProject
Project("{2150E333-8FDC-42A3-9474-1A3956D46DE8}") = "EFMigrationTool", "EFMigrationTool", "{12B412E9-4D24-448F-822B-96A70C56AD91}"
EndProject
Project("{FAE04EC0-301F-11D3-BF4B-00C04F79EFBC}") = "EfMigrationTool", "Tools\EfMigrationTool\EfMigrationTool.csproj", "{FCC18049-506B-4926-B3CE-E02134995698}"
EndProject
Global
	GlobalSection(SolutionConfigurationPlatforms) = preSolution
		Debug|Any CPU = Debug|Any CPU
		Release|Any CPU = Release|Any CPU
	EndGlobalSection
	GlobalSection(ProjectConfigurationPlatforms) = postSolution
		{7F6E6B11-7DE9-45B9-AF14-D13469CA20E2}.Debug|Any CPU.ActiveCfg = Debug|Any CPU
		{7F6E6B11-7DE9-45B9-AF14-D13469CA20E2}.Debug|Any CPU.Build.0 = Debug|Any CPU
		{7F6E6B11-7DE9-45B9-AF14-D13469CA20E2}.Release|Any CPU.ActiveCfg = Release|Any CPU
		{7F6E6B11-7DE9-45B9-AF14-D13469CA20E2}.Release|Any CPU.Build.0 = Release|Any CPU
		{DC1BBD7A-2C06-4A1A-91D0-E77214BCF1B5}.Debug|Any CPU.ActiveCfg = Debug|Any CPU
		{DC1BBD7A-2C06-4A1A-91D0-E77214BCF1B5}.Debug|Any CPU.Build.0 = Debug|Any CPU
		{DC1BBD7A-2C06-4A1A-91D0-E77214BCF1B5}.Release|Any CPU.ActiveCfg = Release|Any CPU
		{DC1BBD7A-2C06-4A1A-91D0-E77214BCF1B5}.Release|Any CPU.Build.0 = Release|Any CPU
		{2A903599-20B2-4EE4-B02C-719A16FB6730}.Debug|Any CPU.ActiveCfg = Debug|Any CPU
		{2A903599-20B2-4EE4-B02C-719A16FB6730}.Debug|Any CPU.Build.0 = Debug|Any CPU
		{2A903599-20B2-4EE4-B02C-719A16FB6730}.Release|Any CPU.ActiveCfg = Release|Any CPU
		{2A903599-20B2-4EE4-B02C-719A16FB6730}.Release|Any CPU.Build.0 = Release|Any CPU
		{D91FFBC1-0929-4C27-AC9B-8A7A79D50DD7}.Debug|Any CPU.ActiveCfg = Debug|Any CPU
		{D91FFBC1-0929-4C27-AC9B-8A7A79D50DD7}.Debug|Any CPU.Build.0 = Debug|Any CPU
		{D91FFBC1-0929-4C27-AC9B-8A7A79D50DD7}.Release|Any CPU.ActiveCfg = Release|Any CPU
		{D91FFBC1-0929-4C27-AC9B-8A7A79D50DD7}.Release|Any CPU.Build.0 = Release|Any CPU
		{EA29BEB1-E766-4884-A665-61603AFD3165}.Debug|Any CPU.ActiveCfg = Debug|Any CPU
		{EA29BEB1-E766-4884-A665-61603AFD3165}.Debug|Any CPU.Build.0 = Debug|Any CPU
		{EA29BEB1-E766-4884-A665-61603AFD3165}.Release|Any CPU.ActiveCfg = Release|Any CPU
		{EA29BEB1-E766-4884-A665-61603AFD3165}.Release|Any CPU.Build.0 = Release|Any CPU
		{03F2EDB7-783F-477C-8C09-49ADF0D77250}.Debug|Any CPU.ActiveCfg = Debug|Any CPU
		{03F2EDB7-783F-477C-8C09-49ADF0D77250}.Debug|Any CPU.Build.0 = Debug|Any CPU
		{03F2EDB7-783F-477C-8C09-49ADF0D77250}.Release|Any CPU.ActiveCfg = Release|Any CPU
		{03F2EDB7-783F-477C-8C09-49ADF0D77250}.Release|Any CPU.Build.0 = Release|Any CPU
		{4696EADF-0C49-492D-A8A9-4361FDB67217}.Debug|Any CPU.ActiveCfg = Debug|Any CPU
		{4696EADF-0C49-492D-A8A9-4361FDB67217}.Debug|Any CPU.Build.0 = Debug|Any CPU
		{4696EADF-0C49-492D-A8A9-4361FDB67217}.Release|Any CPU.ActiveCfg = Release|Any CPU
		{4696EADF-0C49-492D-A8A9-4361FDB67217}.Release|Any CPU.Build.0 = Release|Any CPU
		{C4C3CCCF-C2DE-97F0-D3D3-F4F1829A2A30}.Debug|Any CPU.ActiveCfg = Debug|Any CPU
		{C4C3CCCF-C2DE-97F0-D3D3-F4F1829A2A30}.Debug|Any CPU.Build.0 = Debug|Any CPU
		{C4C3CCCF-C2DE-97F0-D3D3-F4F1829A2A30}.Release|Any CPU.ActiveCfg = Release|Any CPU
		{C4C3CCCF-C2DE-97F0-D3D3-F4F1829A2A30}.Release|Any CPU.Build.0 = Release|Any CPU
		{43D3870B-B6AB-4389-8578-70C435F81948}.Debug|Any CPU.ActiveCfg = Debug|Any CPU
		{43D3870B-B6AB-4389-8578-70C435F81948}.Debug|Any CPU.Build.0 = Debug|Any CPU
		{43D3870B-B6AB-4389-8578-70C435F81948}.Release|Any CPU.ActiveCfg = Release|Any CPU
		{43D3870B-B6AB-4389-8578-70C435F81948}.Release|Any CPU.Build.0 = Release|Any CPU
		{D2D2A726-4451-482D-8FB3-FE3E90B7DB49}.Debug|Any CPU.ActiveCfg = Debug|Any CPU
		{D2D2A726-4451-482D-8FB3-FE3E90B7DB49}.Debug|Any CPU.Build.0 = Debug|Any CPU
		{D2D2A726-4451-482D-8FB3-FE3E90B7DB49}.Release|Any CPU.ActiveCfg = Release|Any CPU
		{D2D2A726-4451-482D-8FB3-FE3E90B7DB49}.Release|Any CPU.Build.0 = Release|Any CPU
		{6E7C73A5-3C5F-4C5B-8A3C-0FC80A11A86C}.Debug|Any CPU.ActiveCfg = Debug|Any CPU
		{6E7C73A5-3C5F-4C5B-8A3C-0FC80A11A86C}.Debug|Any CPU.Build.0 = Debug|Any CPU
		{6E7C73A5-3C5F-4C5B-8A3C-0FC80A11A86C}.Release|Any CPU.ActiveCfg = Release|Any CPU
		{6E7C73A5-3C5F-4C5B-8A3C-0FC80A11A86C}.Release|Any CPU.Build.0 = Release|Any CPU
		{813C95FD-6187-4084-8E49-1DE7A71E5B75}.Debug|Any CPU.ActiveCfg = Debug|Any CPU
		{813C95FD-6187-4084-8E49-1DE7A71E5B75}.Debug|Any CPU.Build.0 = Debug|Any CPU
		{813C95FD-6187-4084-8E49-1DE7A71E5B75}.Release|Any CPU.ActiveCfg = Release|Any CPU
		{813C95FD-6187-4084-8E49-1DE7A71E5B75}.Release|Any CPU.Build.0 = Release|Any CPU
		{2251A8C8-77B8-41FB-AF6D-27F2CB6BDE6F}.Debug|Any CPU.ActiveCfg = Debug|Any CPU
		{2251A8C8-77B8-41FB-AF6D-27F2CB6BDE6F}.Debug|Any CPU.Build.0 = Debug|Any CPU
		{2251A8C8-77B8-41FB-AF6D-27F2CB6BDE6F}.Release|Any CPU.ActiveCfg = Release|Any CPU
		{2251A8C8-77B8-41FB-AF6D-27F2CB6BDE6F}.Release|Any CPU.Build.0 = Release|Any CPU
		{45F41476-9C2C-4F7E-99C9-A069905F842A}.Debug|Any CPU.ActiveCfg = Debug|Any CPU
		{45F41476-9C2C-4F7E-99C9-A069905F842A}.Debug|Any CPU.Build.0 = Debug|Any CPU
		{45F41476-9C2C-4F7E-99C9-A069905F842A}.Release|Any CPU.ActiveCfg = Release|Any CPU
		{45F41476-9C2C-4F7E-99C9-A069905F842A}.Release|Any CPU.Build.0 = Release|Any CPU
		{2C35C1FE-523C-454C-92E8-A214BB5CFD7F}.Debug|Any CPU.ActiveCfg = Debug|Any CPU
		{2C35C1FE-523C-454C-92E8-A214BB5CFD7F}.Debug|Any CPU.Build.0 = Debug|Any CPU
		{2C35C1FE-523C-454C-92E8-A214BB5CFD7F}.Release|Any CPU.ActiveCfg = Release|Any CPU
		{2C35C1FE-523C-454C-92E8-A214BB5CFD7F}.Release|Any CPU.Build.0 = Release|Any CPU
		{BCD5F7F0-7D2F-4E26-8094-396CD20A3336}.Debug|Any CPU.ActiveCfg = Debug|Any CPU
		{BCD5F7F0-7D2F-4E26-8094-396CD20A3336}.Debug|Any CPU.Build.0 = Debug|Any CPU
		{BCD5F7F0-7D2F-4E26-8094-396CD20A3336}.Release|Any CPU.ActiveCfg = Release|Any CPU
		{BCD5F7F0-7D2F-4E26-8094-396CD20A3336}.Release|Any CPU.Build.0 = Release|Any CPU
		{F78F3E9C-A374-48E7-9879-7AA4D3518849}.Debug|Any CPU.ActiveCfg = Debug|Any CPU
		{F78F3E9C-A374-48E7-9879-7AA4D3518849}.Debug|Any CPU.Build.0 = Debug|Any CPU
		{F78F3E9C-A374-48E7-9879-7AA4D3518849}.Release|Any CPU.ActiveCfg = Release|Any CPU
		{F78F3E9C-A374-48E7-9879-7AA4D3518849}.Release|Any CPU.Build.0 = Release|Any CPU
		{421618C8-1038-45F9-A56C-378CC725162D}.Debug|Any CPU.ActiveCfg = Debug|Any CPU
		{421618C8-1038-45F9-A56C-378CC725162D}.Debug|Any CPU.Build.0 = Debug|Any CPU
		{421618C8-1038-45F9-A56C-378CC725162D}.Release|Any CPU.ActiveCfg = Release|Any CPU
		{421618C8-1038-45F9-A56C-378CC725162D}.Release|Any CPU.Build.0 = Release|Any CPU
		{A490A620-38DB-4C4B-9085-9D12A340FDFE}.Debug|Any CPU.ActiveCfg = Debug|Any CPU
		{A490A620-38DB-4C4B-9085-9D12A340FDFE}.Debug|Any CPU.Build.0 = Debug|Any CPU
		{A490A620-38DB-4C4B-9085-9D12A340FDFE}.Release|Any CPU.ActiveCfg = Release|Any CPU
		{A490A620-38DB-4C4B-9085-9D12A340FDFE}.Release|Any CPU.Build.0 = Release|Any CPU
		{A007E602-A580-4D4C-9D8F-45A41E06283A}.Debug|Any CPU.ActiveCfg = Debug|Any CPU
		{A007E602-A580-4D4C-9D8F-45A41E06283A}.Debug|Any CPU.Build.0 = Debug|Any CPU
		{A007E602-A580-4D4C-9D8F-45A41E06283A}.Release|Any CPU.ActiveCfg = Release|Any CPU
		{A007E602-A580-4D4C-9D8F-45A41E06283A}.Release|Any CPU.Build.0 = Release|Any CPU
		{093A5F04-042D-44A3-A2D3-32DC45525EE2}.Debug|Any CPU.ActiveCfg = Debug|Any CPU
		{093A5F04-042D-44A3-A2D3-32DC45525EE2}.Debug|Any CPU.Build.0 = Debug|Any CPU
		{093A5F04-042D-44A3-A2D3-32DC45525EE2}.Release|Any CPU.ActiveCfg = Release|Any CPU
		{093A5F04-042D-44A3-A2D3-32DC45525EE2}.Release|Any CPU.Build.0 = Release|Any CPU
		{EB042CBD-50D0-4BDF-8928-11A10324B5F3}.Debug|Any CPU.ActiveCfg = Debug|Any CPU
		{EB042CBD-50D0-4BDF-8928-11A10324B5F3}.Debug|Any CPU.Build.0 = Debug|Any CPU
		{EB042CBD-50D0-4BDF-8928-11A10324B5F3}.Release|Any CPU.ActiveCfg = Release|Any CPU
		{EB042CBD-50D0-4BDF-8928-11A10324B5F3}.Release|Any CPU.Build.0 = Release|Any CPU
		{96EA85C2-E9E8-48FF-9EFA-06FB28D9A955}.Debug|Any CPU.ActiveCfg = Debug|Any CPU
		{96EA85C2-E9E8-48FF-9EFA-06FB28D9A955}.Debug|Any CPU.Build.0 = Debug|Any CPU
		{96EA85C2-E9E8-48FF-9EFA-06FB28D9A955}.Release|Any CPU.ActiveCfg = Release|Any CPU
		{96EA85C2-E9E8-48FF-9EFA-06FB28D9A955}.Release|Any CPU.Build.0 = Release|Any CPU
		{3192C05E-EC36-4AE5-BFB0-98B5E911B88F}.Debug|Any CPU.ActiveCfg = Debug|Any CPU
		{3192C05E-EC36-4AE5-BFB0-98B5E911B88F}.Debug|Any CPU.Build.0 = Debug|Any CPU
		{3192C05E-EC36-4AE5-BFB0-98B5E911B88F}.Release|Any CPU.ActiveCfg = Release|Any CPU
		{3192C05E-EC36-4AE5-BFB0-98B5E911B88F}.Release|Any CPU.Build.0 = Release|Any CPU
		{A0AEDCAB-FB37-2B56-FA6A-1D7645E0BAB6}.Debug|Any CPU.ActiveCfg = Debug|Any CPU
		{A0AEDCAB-FB37-2B56-FA6A-1D7645E0BAB6}.Debug|Any CPU.Build.0 = Debug|Any CPU
		{A0AEDCAB-FB37-2B56-FA6A-1D7645E0BAB6}.Release|Any CPU.ActiveCfg = Release|Any CPU
		{A0AEDCAB-FB37-2B56-FA6A-1D7645E0BAB6}.Release|Any CPU.Build.0 = Release|Any CPU
		{E4A083BF-92E3-4CAC-B63D-C293E038DA02}.Debug|Any CPU.ActiveCfg = Debug|Any CPU
		{E4A083BF-92E3-4CAC-B63D-C293E038DA02}.Debug|Any CPU.Build.0 = Debug|Any CPU
		{E4A083BF-92E3-4CAC-B63D-C293E038DA02}.Release|Any CPU.ActiveCfg = Release|Any CPU
		{E4A083BF-92E3-4CAC-B63D-C293E038DA02}.Release|Any CPU.Build.0 = Release|Any CPU
		{0167C0C6-1782-4D77-BC58-43CC154CC28B}.Debug|Any CPU.ActiveCfg = Debug|Any CPU
		{0167C0C6-1782-4D77-BC58-43CC154CC28B}.Debug|Any CPU.Build.0 = Debug|Any CPU
		{0167C0C6-1782-4D77-BC58-43CC154CC28B}.Release|Any CPU.ActiveCfg = Release|Any CPU
		{0167C0C6-1782-4D77-BC58-43CC154CC28B}.Release|Any CPU.Build.0 = Release|Any CPU
		{0F6AC135-B83A-4F78-B668-1C1E26649F14}.Debug|Any CPU.ActiveCfg = Debug|Any CPU
		{0F6AC135-B83A-4F78-B668-1C1E26649F14}.Debug|Any CPU.Build.0 = Debug|Any CPU
		{0F6AC135-B83A-4F78-B668-1C1E26649F14}.Release|Any CPU.ActiveCfg = Release|Any CPU
		{0F6AC135-B83A-4F78-B668-1C1E26649F14}.Release|Any CPU.Build.0 = Release|Any CPU
		{04EA1324-0E26-49F3-8E65-24F1C6863FC9}.Debug|Any CPU.ActiveCfg = Debug|Any CPU
		{04EA1324-0E26-49F3-8E65-24F1C6863FC9}.Debug|Any CPU.Build.0 = Debug|Any CPU
		{04EA1324-0E26-49F3-8E65-24F1C6863FC9}.Release|Any CPU.ActiveCfg = Release|Any CPU
		{04EA1324-0E26-49F3-8E65-24F1C6863FC9}.Release|Any CPU.Build.0 = Release|Any CPU
		{092E0155-E7B4-4B85-921F-1FF23977F8D2}.Debug|Any CPU.ActiveCfg = Debug|Any CPU
		{092E0155-E7B4-4B85-921F-1FF23977F8D2}.Debug|Any CPU.Build.0 = Debug|Any CPU
		{092E0155-E7B4-4B85-921F-1FF23977F8D2}.Release|Any CPU.ActiveCfg = Release|Any CPU
		{092E0155-E7B4-4B85-921F-1FF23977F8D2}.Release|Any CPU.Build.0 = Release|Any CPU
		{FCC18049-506B-4926-B3CE-E02134995698}.Debug|Any CPU.ActiveCfg = Debug|Any CPU
		{FCC18049-506B-4926-B3CE-E02134995698}.Debug|Any CPU.Build.0 = Debug|Any CPU
		{FCC18049-506B-4926-B3CE-E02134995698}.Release|Any CPU.ActiveCfg = Release|Any CPU
		{FCC18049-506B-4926-B3CE-E02134995698}.Release|Any CPU.Build.0 = Release|Any CPU
	EndGlobalSection
	GlobalSection(SolutionProperties) = preSolution
		HideSolutionNode = FALSE
	EndGlobalSection
	GlobalSection(NestedProjects) = preSolution
		{0B9A1F68-DB1E-4B74-B353-853C8A360AE9} = {02EA681E-C7D8-13C7-8484-4AC65E1B71E8}
		{7F6E6B11-7DE9-45B9-AF14-D13469CA20E2} = {26004ADA-4894-4379-B92A-D4304699DAB1}
		{7F6A3B33-0CC8-4746-AFF8-C520FD6C72AB} = {02EA681E-C7D8-13C7-8484-4AC65E1B71E8}
		{DC1BBD7A-2C06-4A1A-91D0-E77214BCF1B5} = {0B9A1F68-DB1E-4B74-B353-853C8A360AE9}
		{2A903599-20B2-4EE4-B02C-719A16FB6730} = {0B9A1F68-DB1E-4B74-B353-853C8A360AE9}
		{D91FFBC1-0929-4C27-AC9B-8A7A79D50DD7} = {0B9A1F68-DB1E-4B74-B353-853C8A360AE9}
		{EA29BEB1-E766-4884-A665-61603AFD3165} = {0B9A1F68-DB1E-4B74-B353-853C8A360AE9}
		{754DDD82-E53E-4CD7-BE1A-6C7698601FC3} = {02EA681E-C7D8-13C7-8484-4AC65E1B71E8}
		{03F2EDB7-783F-477C-8C09-49ADF0D77250} = {A0EE1A88-D0B2-4B3F-9FAC-3DA64B54BC6D}
		{A95294CB-247A-41F8-BD00-3F0B0908A8F7} = {02EA681E-C7D8-13C7-8484-4AC65E1B71E8}
		{43D3870B-B6AB-4389-8578-70C435F81948} = {A95294CB-247A-41F8-BD00-3F0B0908A8F7}
		{D2D2A726-4451-482D-8FB3-FE3E90B7DB49} = {754DDD82-E53E-4CD7-BE1A-6C7698601FC3}
		{6E7C73A5-3C5F-4C5B-8A3C-0FC80A11A86C} = {754DDD82-E53E-4CD7-BE1A-6C7698601FC3}
		{813C95FD-6187-4084-8E49-1DE7A71E5B75} = {754DDD82-E53E-4CD7-BE1A-6C7698601FC3}
		{2251A8C8-77B8-41FB-AF6D-27F2CB6BDE6F} = {754DDD82-E53E-4CD7-BE1A-6C7698601FC3}
		{4E64E6BF-7F5A-46D7-AE47-89A7D227B522} = {02EA681E-C7D8-13C7-8484-4AC65E1B71E8}
		{61DAC635-FAFA-46D5-B37B-AAFDBE11D3FB} = {02EA681E-C7D8-13C7-8484-4AC65E1B71E8}
		{45F41476-9C2C-4F7E-99C9-A069905F842A} = {26004ADA-4894-4379-B92A-D4304699DAB1}
		{2C35C1FE-523C-454C-92E8-A214BB5CFD7F} = {4E64E6BF-7F5A-46D7-AE47-89A7D227B522}
		{BCD5F7F0-7D2F-4E26-8094-396CD20A3336} = {4E64E6BF-7F5A-46D7-AE47-89A7D227B522}
		{F78F3E9C-A374-48E7-9879-7AA4D3518849} = {4E64E6BF-7F5A-46D7-AE47-89A7D227B522}
		{421618C8-1038-45F9-A56C-378CC725162D} = {4E64E6BF-7F5A-46D7-AE47-89A7D227B522}
		{A490A620-38DB-4C4B-9085-9D12A340FDFE} = {11764D9C-6E09-4F84-91CA-D2B8EF7E12D8}
		{A007E602-A580-4D4C-9D8F-45A41E06283A} = {11764D9C-6E09-4F84-91CA-D2B8EF7E12D8}
		{B89B2109-C908-4400-BA59-63C66EA45C67} = {02EA681E-C7D8-13C7-8484-4AC65E1B71E8}
		{093A5F04-042D-44A3-A2D3-32DC45525EE2} = {B89B2109-C908-4400-BA59-63C66EA45C67}
		{EB042CBD-50D0-4BDF-8928-11A10324B5F3} = {B89B2109-C908-4400-BA59-63C66EA45C67}
		{96EA85C2-E9E8-48FF-9EFA-06FB28D9A955} = {B89B2109-C908-4400-BA59-63C66EA45C67}
		{3192C05E-EC36-4AE5-BFB0-98B5E911B88F} = {B89B2109-C908-4400-BA59-63C66EA45C67}
		{A0AEDCAB-FB37-2B56-FA6A-1D7645E0BAB6} = {0B9A1F68-DB1E-4B74-B353-853C8A360AE9}
		{E81CB018-278F-45B3-AB2D-F505DC782C57} = {02EA681E-C7D8-13C7-8484-4AC65E1B71E8}
		{7EB21EA2-6B98-4B1D-B7F4-1AE7C8B6DB0D} = {02EA681E-C7D8-13C7-8484-4AC65E1B71E8}
		{E4A083BF-92E3-4CAC-B63D-C293E038DA02} = {E81CB018-278F-45B3-AB2D-F505DC782C57}
		{0167C0C6-1782-4D77-BC58-43CC154CC28B} = {7EB21EA2-6B98-4B1D-B7F4-1AE7C8B6DB0D}
		{0F6AC135-B83A-4F78-B668-1C1E26649F14} = {7EB21EA2-6B98-4B1D-B7F4-1AE7C8B6DB0D}
		{04EA1324-0E26-49F3-8E65-24F1C6863FC9} = {7EB21EA2-6B98-4B1D-B7F4-1AE7C8B6DB0D}
		{092E0155-E7B4-4B85-921F-1FF23977F8D2} = {7EB21EA2-6B98-4B1D-B7F4-1AE7C8B6DB0D}
		{12B412E9-4D24-448F-822B-96A70C56AD91} = {CF184EDE-DA45-4047-837F-F8B0AA6AAC97}
		{FCC18049-506B-4926-B3CE-E02134995698} = {12B412E9-4D24-448F-822B-96A70C56AD91}
	EndGlobalSection
	GlobalSection(ExtensibilityGlobals) = postSolution
		SolutionGuid = {394B6413-8BAF-44B5-8359-053DD7F70898}
	EndGlobalSection
EndGlobal
