
Microsoft Visual Studio Solution File, Format Version 12.00
# Visual Studio Version 17
VisualStudioVersion = 17.12.35527.113
MinimumVisualStudioVersion = 10.0.40219.1
Project("{2150E333-8FDC-42A3-9474-1A3956D46DE8}") = "Services", "Services", "{02EA681E-C7D8-13C7-8484-4AC65E1B71E8}"
EndProject
Project("{2150E333-8FDC-42A3-9474-1A3956D46DE8}") = "Product", "Product", "{0B9A1F68-DB1E-4B74-B353-853C8A360AE9}"
EndProject
Project("{2150E333-8FDC-42A3-9474-1A3956D46DE8}") = "APIGateWay", "APIGateWay", "{A0EE1A88-D0B2-4B3F-9FAC-3DA64B54BC6D}"
EndProject
Project("{2150E333-8FDC-42A3-9474-1A3956D46DE8}") = "BuildingBlocks", "BuildingBlocks", "{26004ADA-4894-4379-B92A-D4304699DAB1}"
EndProject
Project("{9A19103F-16F7-4668-BE54-9A1E7A4F7556}") = "BuildingBlocks", "BuildingBlocks\BuildingBlocks\BuildingBlocks.csproj", "{7F6E6B11-7DE9-45B9-AF14-D13469CA20E2}"
EndProject
Project("{2150E333-8FDC-42A3-9474-1A3956D46DE8}") = "Payment", "Payment", "{7F6A3B33-0CC8-4746-AFF8-C520FD6C72AB}"
EndProject
Project("{9A19103F-16F7-4668-BE54-9A1E7A4F7556}") = "Product.API", "Services\Product\Product.API\Product.API.csproj", "{DC1BBD7A-2C06-4A1A-91D0-E77214BCF1B5}"
EndProject
Project("{9A19103F-16F7-4668-BE54-9A1E7A4F7556}") = "Product.Application", "Services\Product\Product.Application\Product.Application.csproj", "{2A903599-20B2-4EE4-B02C-719A16FB6730}"
EndProject
Project("{9A19103F-16F7-4668-BE54-9A1E7A4F7556}") = "Product.Domain", "Services\Product\Product.Domain\Product.Domain.csproj", "{D91FFBC1-0929-4C27-AC9B-8A7A79D50DD7}"
EndProject
Project("{9A19103F-16F7-4668-BE54-9A1E7A4F7556}") = "Product.Infrastructure", "Services\Product\Product.Infrastructure\Product.Infrastructure.csproj", "{EA29BEB1-E766-4884-A665-61603AFD3165}"
EndProject
Project("{2150E333-8FDC-42A3-9474-1A3956D46DE8}") = "User", "User", "{754DDD82-E53E-4CD7-BE1A-6C7698601FC3}"
EndProject
Project("{FAE04EC0-301F-11D3-BF4B-00C04F79EFBC}") = "User.Domain", "Services\User\User.Domain\User.Domain.csproj", "{18899EBE-DF14-4A58-9E53-8C5F2DD96965}"
EndProject
Project("{FAE04EC0-301F-11D3-BF4B-00C04F79EFBC}") = "User.Infrastructure", "Services\User\User.Infrastructure\User.Infrastructure.csproj", "{1D11CCDD-6607-4348-B061-5E5A0A61180A}"
EndProject
Project("{FAE04EC0-301F-11D3-BF4B-00C04F79EFBC}") = "User.Application", "Services\User\User.Application\User.Application.csproj", "{51F433AC-65D9-423C-AD1D-FF72E303EF47}"
EndProject
Project("{FAE04EC0-301F-11D3-BF4B-00C04F79EFBC}") = "YarpApiGateWay", "ApiGateWays\YarpApiGateWay\YarpApiGateWay.csproj", "{03F2EDB7-783F-477C-8C09-49ADF0D77250}"
EndProject
Project("{FAE04EC0-301F-11D3-BF4B-00C04F79EFBC}") = "User.API", "Services\User\User.API\User.API.csproj", "{BDDCA97D-3BEB-42FB-8FC5-34331439D44B}"
EndProject
Project("{FAE04EC0-301F-11D3-BF4B-00C04F79EFBC}") = "UTCShop.AppHost", "Aspire\UTCShop.AppHost\UTCShop.AppHost.csproj", "{4696EADF-0C49-492D-A8A9-4361FDB67217}"
EndProject
Project("{FAE04EC0-301F-11D3-BF4B-00C04F79EFBC}") = "UTCShop.ServiceDefaults", "Aspire\UTCShop.ServiceDefaults\UTCShop.ServiceDefaults.csproj", "{C4C3CCCF-C2DE-97F0-D3D3-F4F1829A2A30}"
EndProject
Project("{2150E333-8FDC-42A3-9474-1A3956D46DE8}") = "Images", "Images", "{8345846F-A6C5-46C4-BCB2-27F5D02BF5B3}"
	ProjectSection(SolutionItems) = preProject
		test.txt = test.txt
	EndProjectSection
EndProject
Project("{2150E333-8FDC-42A3-9474-1A3956D46DE8}") = "Util", "Util", "{A95294CB-247A-41F8-BD00-3F0B0908A8F7}"
EndProject
Project("{FAE04EC0-301F-11D3-BF4B-00C04F79EFBC}") = "Util.API", "Services\Util\Util.API\Util.API.csproj", "{43D3870B-B6AB-4389-8578-70C435F81948}"
EndProject
Global
	GlobalSection(SolutionConfigurationPlatforms) = preSolution
		Debug|Any CPU = Debug|Any CPU
		Release|Any CPU = Release|Any CPU
	EndGlobalSection
	GlobalSection(ProjectConfigurationPlatforms) = postSolution
		{7F6E6B11-7DE9-45B9-AF14-D13469CA20E2}.Debug|Any CPU.ActiveCfg = Debug|Any CPU
		{7F6E6B11-7DE9-45B9-AF14-D13469CA20E2}.Debug|Any CPU.Build.0 = Debug|Any CPU
		{7F6E6B11-7DE9-45B9-AF14-D13469CA20E2}.Release|Any CPU.ActiveCfg = Release|Any CPU
		{7F6E6B11-7DE9-45B9-AF14-D13469CA20E2}.Release|Any CPU.Build.0 = Release|Any CPU
		{DC1BBD7A-2C06-4A1A-91D0-E77214BCF1B5}.Debug|Any CPU.ActiveCfg = Debug|Any CPU
		{DC1BBD7A-2C06-4A1A-91D0-E77214BCF1B5}.Debug|Any CPU.Build.0 = Debug|Any CPU
		{DC1BBD7A-2C06-4A1A-91D0-E77214BCF1B5}.Release|Any CPU.ActiveCfg = Release|Any CPU
		{DC1BBD7A-2C06-4A1A-91D0-E77214BCF1B5}.Release|Any CPU.Build.0 = Release|Any CPU
		{2A903599-20B2-4EE4-B02C-719A16FB6730}.Debug|Any CPU.ActiveCfg = Debug|Any CPU
		{2A903599-20B2-4EE4-B02C-719A16FB6730}.Debug|Any CPU.Build.0 = Debug|Any CPU
		{2A903599-20B2-4EE4-B02C-719A16FB6730}.Release|Any CPU.ActiveCfg = Release|Any CPU
		{2A903599-20B2-4EE4-B02C-719A16FB6730}.Release|Any CPU.Build.0 = Release|Any CPU
		{D91FFBC1-0929-4C27-AC9B-8A7A79D50DD7}.Debug|Any CPU.ActiveCfg = Debug|Any CPU
		{D91FFBC1-0929-4C27-AC9B-8A7A79D50DD7}.Debug|Any CPU.Build.0 = Debug|Any CPU
		{D91FFBC1-0929-4C27-AC9B-8A7A79D50DD7}.Release|Any CPU.ActiveCfg = Release|Any CPU
		{D91FFBC1-0929-4C27-AC9B-8A7A79D50DD7}.Release|Any CPU.Build.0 = Release|Any CPU
		{EA29BEB1-E766-4884-A665-61603AFD3165}.Debug|Any CPU.ActiveCfg = Debug|Any CPU
		{EA29BEB1-E766-4884-A665-61603AFD3165}.Debug|Any CPU.Build.0 = Debug|Any CPU
		{EA29BEB1-E766-4884-A665-61603AFD3165}.Release|Any CPU.ActiveCfg = Release|Any CPU
		{EA29BEB1-E766-4884-A665-61603AFD3165}.Release|Any CPU.Build.0 = Release|Any CPU
		{18899EBE-DF14-4A58-9E53-8C5F2DD96965}.Debug|Any CPU.ActiveCfg = Debug|Any CPU
		{18899EBE-DF14-4A58-9E53-8C5F2DD96965}.Debug|Any CPU.Build.0 = Debug|Any CPU
		{18899EBE-DF14-4A58-9E53-8C5F2DD96965}.Release|Any CPU.ActiveCfg = Release|Any CPU
		{18899EBE-DF14-4A58-9E53-8C5F2DD96965}.Release|Any CPU.Build.0 = Release|Any CPU
		{1D11CCDD-6607-4348-B061-5E5A0A61180A}.Debug|Any CPU.ActiveCfg = Debug|Any CPU
		{1D11CCDD-6607-4348-B061-5E5A0A61180A}.Debug|Any CPU.Build.0 = Debug|Any CPU
		{1D11CCDD-6607-4348-B061-5E5A0A61180A}.Release|Any CPU.ActiveCfg = Release|Any CPU
		{1D11CCDD-6607-4348-B061-5E5A0A61180A}.Release|Any CPU.Build.0 = Release|Any CPU
		{51F433AC-65D9-423C-AD1D-FF72E303EF47}.Debug|Any CPU.ActiveCfg = Debug|Any CPU
		{51F433AC-65D9-423C-AD1D-FF72E303EF47}.Debug|Any CPU.Build.0 = Debug|Any CPU
		{51F433AC-65D9-423C-AD1D-FF72E303EF47}.Release|Any CPU.ActiveCfg = Release|Any CPU
		{51F433AC-65D9-423C-AD1D-FF72E303EF47}.Release|Any CPU.Build.0 = Release|Any CPU
		{03F2EDB7-783F-477C-8C09-49ADF0D77250}.Debug|Any CPU.ActiveCfg = Debug|Any CPU
		{03F2EDB7-783F-477C-8C09-49ADF0D77250}.Debug|Any CPU.Build.0 = Debug|Any CPU
		{03F2EDB7-783F-477C-8C09-49ADF0D77250}.Release|Any CPU.ActiveCfg = Release|Any CPU
		{03F2EDB7-783F-477C-8C09-49ADF0D77250}.Release|Any CPU.Build.0 = Release|Any CPU
		{BDDCA97D-3BEB-42FB-8FC5-34331439D44B}.Debug|Any CPU.ActiveCfg = Debug|Any CPU
		{BDDCA97D-3BEB-42FB-8FC5-34331439D44B}.Debug|Any CPU.Build.0 = Debug|Any CPU
		{BDDCA97D-3BEB-42FB-8FC5-34331439D44B}.Release|Any CPU.ActiveCfg = Release|Any CPU
		{BDDCA97D-3BEB-42FB-8FC5-34331439D44B}.Release|Any CPU.Build.0 = Release|Any CPU
		{4696EADF-0C49-492D-A8A9-4361FDB67217}.Debug|Any CPU.ActiveCfg = Debug|Any CPU
		{4696EADF-0C49-492D-A8A9-4361FDB67217}.Debug|Any CPU.Build.0 = Debug|Any CPU
		{4696EADF-0C49-492D-A8A9-4361FDB67217}.Release|Any CPU.ActiveCfg = Release|Any CPU
		{4696EADF-0C49-492D-A8A9-4361FDB67217}.Release|Any CPU.Build.0 = Release|Any CPU
		{C4C3CCCF-C2DE-97F0-D3D3-F4F1829A2A30}.Debug|Any CPU.ActiveCfg = Debug|Any CPU
		{C4C3CCCF-C2DE-97F0-D3D3-F4F1829A2A30}.Debug|Any CPU.Build.0 = Debug|Any CPU
		{C4C3CCCF-C2DE-97F0-D3D3-F4F1829A2A30}.Release|Any CPU.ActiveCfg = Release|Any CPU
		{C4C3CCCF-C2DE-97F0-D3D3-F4F1829A2A30}.Release|Any CPU.Build.0 = Release|Any CPU
		{43D3870B-B6AB-4389-8578-70C435F81948}.Debug|Any CPU.ActiveCfg = Debug|Any CPU
		{43D3870B-B6AB-4389-8578-70C435F81948}.Debug|Any CPU.Build.0 = Debug|Any CPU
		{43D3870B-B6AB-4389-8578-70C435F81948}.Release|Any CPU.ActiveCfg = Release|Any CPU
		{43D3870B-B6AB-4389-8578-70C435F81948}.Release|Any CPU.Build.0 = Release|Any CPU
	EndGlobalSection
	GlobalSection(SolutionProperties) = preSolution
		HideSolutionNode = FALSE
	EndGlobalSection
	GlobalSection(NestedProjects) = preSolution
		{0B9A1F68-DB1E-4B74-B353-853C8A360AE9} = {02EA681E-C7D8-13C7-8484-4AC65E1B71E8}
		{7F6E6B11-7DE9-45B9-AF14-D13469CA20E2} = {26004ADA-4894-4379-B92A-D4304699DAB1}
		{7F6A3B33-0CC8-4746-AFF8-C520FD6C72AB} = {02EA681E-C7D8-13C7-8484-4AC65E1B71E8}
		{DC1BBD7A-2C06-4A1A-91D0-E77214BCF1B5} = {0B9A1F68-DB1E-4B74-B353-853C8A360AE9}
		{2A903599-20B2-4EE4-B02C-719A16FB6730} = {0B9A1F68-DB1E-4B74-B353-853C8A360AE9}
		{D91FFBC1-0929-4C27-AC9B-8A7A79D50DD7} = {0B9A1F68-DB1E-4B74-B353-853C8A360AE9}
		{EA29BEB1-E766-4884-A665-61603AFD3165} = {0B9A1F68-DB1E-4B74-B353-853C8A360AE9}
		{754DDD82-E53E-4CD7-BE1A-6C7698601FC3} = {02EA681E-C7D8-13C7-8484-4AC65E1B71E8}
		{18899EBE-DF14-4A58-9E53-8C5F2DD96965} = {754DDD82-E53E-4CD7-BE1A-6C7698601FC3}
		{1D11CCDD-6607-4348-B061-5E5A0A61180A} = {754DDD82-E53E-4CD7-BE1A-6C7698601FC3}
		{51F433AC-65D9-423C-AD1D-FF72E303EF47} = {754DDD82-E53E-4CD7-BE1A-6C7698601FC3}
		{03F2EDB7-783F-477C-8C09-49ADF0D77250} = {A0EE1A88-D0B2-4B3F-9FAC-3DA64B54BC6D}
		{BDDCA97D-3BEB-42FB-8FC5-34331439D44B} = {754DDD82-E53E-4CD7-BE1A-6C7698601FC3}
		{8345846F-A6C5-46C4-BCB2-27F5D02BF5B3} = {26004ADA-4894-4379-B92A-D4304699DAB1}
		{A95294CB-247A-41F8-BD00-3F0B0908A8F7} = {02EA681E-C7D8-13C7-8484-4AC65E1B71E8}
		{43D3870B-B6AB-4389-8578-70C435F81948} = {A95294CB-247A-41F8-BD00-3F0B0908A8F7}
	EndGlobalSection
	GlobalSection(ExtensibilityGlobals) = postSolution
		SolutionGuid = {394B6413-8BAF-44B5-8359-053DD7F70898}
	EndGlobalSection
EndGlobal
