
Microsoft Visual Studio Solution File, Format Version 12.00
# Visual Studio Version 17
VisualStudioVersion = 17.12.35527.113
MinimumVisualStudioVersion = 10.0.40219.1
Project("{2150E333-8FDC-42A3-9474-1A3956D46DE8}") = "Services", "Services", "{02EA681E-C7D8-13C7-8484-4AC65E1B71E8}"
EndProject
Project("{2150E333-8FDC-42A3-9474-1A3956D46DE8}") = "Product", "Product", "{0B9A1F68-DB1E-4B74-B353-853C8A360AE9}"
EndProject
Project("{2150E333-8FDC-42A3-9474-1A3956D46DE8}") = "APIGateWay", "APIGateWay", "{A0EE1A88-D0B2-4B3F-9FAC-3DA64B54BC6D}"
EndProject
Project("{2150E333-8FDC-42A3-9474-1A3956D46DE8}") = "BuildingBlocks", "BuildingBlocks", "{26004ADA-4894-4379-B92A-D4304699DAB1}"
EndProject
Project("{9A19103F-16F7-4668-BE54-9A1E7A4F7556}") = "BuildingBlocks", "BuildingBlocks\BuildingBlocks\BuildingBlocks.csproj", "{7F6E6B11-7DE9-45B9-AF14-D13469CA20E2}"
EndProject
Project("{2150E333-8FDC-42A3-9474-1A3956D46DE8}") = "Payment", "Payment", "{7F6A3B33-0CC8-4746-AFF8-C520FD6C72AB}"
EndProject
Project("{9A19103F-16F7-4668-BE54-9A1E7A4F7556}") = "Product.API", "Services\Product\Product.API\Product.API.csproj", "{DC1BBD7A-2C06-4A1A-91D0-E77214BCF1B5}"
EndProject
Project("{9A19103F-16F7-4668-BE54-9A1E7A4F7556}") = "Product.Application", "Services\Product\Product.Application\Product.Application.csproj", "{2A903599-20B2-4EE4-B02C-719A16FB6730}"
EndProject
Project("{9A19103F-16F7-4668-BE54-9A1E7A4F7556}") = "Product.Domain", "Services\Product\Product.Domain\Product.Domain.csproj", "{D91FFBC1-0929-4C27-AC9B-8A7A79D50DD7}"
EndProject
Project("{9A19103F-16F7-4668-BE54-9A1E7A4F7556}") = "Product.Infrastructure", "Services\Product\Product.Infrastructure\Product.Infrastructure.csproj", "{EA29BEB1-E766-4884-A665-61603AFD3165}"
EndProject
Project("{2150E333-8FDC-42A3-9474-1A3956D46DE8}") = "Identity", "Identity", "{754DDD82-E53E-4CD7-BE1A-6C7698601FC3}"
EndProject
Project("{FAE04EC0-301F-11D3-BF4B-00C04F79EFBC}") = "YarpApiGateWay", "ApiGateWays\YarpApiGateWay\YarpApiGateWay.csproj", "{03F2EDB7-783F-477C-8C09-49ADF0D77250}"
EndProject
Project("{FAE04EC0-301F-11D3-BF4B-00C04F79EFBC}") = "UTCShop.AppHost", "Aspire\UTCShop.AppHost\UTCShop.AppHost.csproj", "{4696EADF-0C49-492D-A8A9-4361FDB67217}"
EndProject
Project("{FAE04EC0-301F-11D3-BF4B-00C04F79EFBC}") = "UTCShop.ServiceDefaults", "Aspire\UTCShop.ServiceDefaults\UTCShop.ServiceDefaults.csproj", "{C4C3CCCF-C2DE-97F0-D3D3-F4F1829A2A30}"
EndProject
Project("{2150E333-8FDC-42A3-9474-1A3956D46DE8}") = "Images", "Images", "{8345846F-A6C5-46C4-BCB2-27F5D02BF5B3}"
	ProjectSection(SolutionItems) = preProject
		test.txt = test.txt
	EndProjectSection
EndProject
Project("{2150E333-8FDC-42A3-9474-1A3956D46DE8}") = "Util", "Util", "{A95294CB-247A-41F8-BD00-3F0B0908A8F7}"
EndProject
Project("{FAE04EC0-301F-11D3-BF4B-00C04F79EFBC}") = "Util.API", "Services\Util\Util.API\Util.API.csproj", "{43D3870B-B6AB-4389-8578-70C435F81948}"
EndProject
Project("{FAE04EC0-301F-11D3-BF4B-00C04F79EFBC}") = "Identity.API", "Services\Identity\Identity.API\Identity.API.csproj", "{D2D2A726-4451-482D-8FB3-FE3E90B7DB49}"
EndProject
Project("{FAE04EC0-301F-11D3-BF4B-00C04F79EFBC}") = "Identity.Application", "Services\Identity\Identity.Application\Identity.Application.csproj", "{6E7C73A5-3C5F-4C5B-8A3C-0FC80A11A86C}"
EndProject
Project("{FAE04EC0-301F-11D3-BF4B-00C04F79EFBC}") = "Identity.Domain", "Services\Identity\Identity.Domain\Identity.Domain.csproj", "{813C95FD-6187-4084-8E49-1DE7A71E5B75}"
EndProject
Project("{FAE04EC0-301F-11D3-BF4B-00C04F79EFBC}") = "Identity.Infrastructure", "Services\Identity\Identity.Infrastructure\Identity.Infrastructure.csproj", "{2251A8C8-77B8-41FB-AF6D-27F2CB6BDE6F}"
EndProject
Project("{2150E333-8FDC-42A3-9474-1A3956D46DE8}") = "Fundamentals", "Fundamentals", "{78447E39-EC10-4AF4-9552-A077C50E773E}"
EndProject
Project("{2150E333-8FDC-42A3-9474-1A3956D46DE8}") = "Database", "Database", "{B8634416-AC19-4AA7-A08E-EFCDB1609964}"
EndProject
Project("{FAE04EC0-301F-11D3-BF4B-00C04F79EFBC}") = "EfMigrationTool", "Fundamentals\Database\EfMigrationTool\EfMigrationTool.csproj", "{B4E5C49A-F83A-499D-A5D6-BDD72CB94D06}"
EndProject
Project("{2150E333-8FDC-42A3-9474-1A3956D46DE8}") = "Cart", "Cart", "{4E64E6BF-7F5A-46D7-AE47-89A7D227B522}"
EndProject
Project("{2150E333-8FDC-42A3-9474-1A3956D46DE8}") = "Discount", "Discount", "{61DAC635-FAFA-46D5-B37B-AAFDBE11D3FB}"
EndProject
Project("{2150E333-8FDC-42A3-9474-1A3956D46DE8}") = "Tools", "Tools", "{CF184EDE-DA45-4047-837F-F8B0AA6AAC97}"
EndProject
Project("{FAE04EC0-301F-11D3-BF4B-00C04F79EFBC}") = "BuildingBlocks.Messaging", "BuildingBlocks\BuildingBlocks.Messaging\BuildingBlocks.Messaging\BuildingBlocks.Messaging.csproj", "{45F41476-9C2C-4F7E-99C9-A069905F842A}"
EndProject
Project("{FAE04EC0-301F-11D3-BF4B-00C04F79EFBC}") = "Cart.Domain", "Services\Cart\Cart.Domain\Cart.Domain.csproj", "{2C35C1FE-523C-454C-92E8-A214BB5CFD7F}"
EndProject
Project("{FAE04EC0-301F-11D3-BF4B-00C04F79EFBC}") = "Cart.API", "Services\Cart\Cart.API\Cart.API.csproj", "{BCD5F7F0-7D2F-4E26-8094-396CD20A3336}"
EndProject
Project("{FAE04EC0-301F-11D3-BF4B-00C04F79EFBC}") = "Cart.Application", "Services\Cart\Cart.Application\Cart.Application.csproj", "{F78F3E9C-A374-48E7-9879-7AA4D3518849}"
EndProject
Project("{FAE04EC0-301F-11D3-BF4B-00C04F79EFBC}") = "Cart.Infrastructure", "Services\Cart\Cart.Infrastructure\Cart.Infrastructure.csproj", "{421618C8-1038-45F9-A56C-378CC725162D}"
EndProject
Global
	GlobalSection(SolutionConfigurationPlatforms) = preSolution
		Debug|Any CPU = Debug|Any CPU
		Release|Any CPU = Release|Any CPU
	EndGlobalSection
	GlobalSection(ProjectConfigurationPlatforms) = postSolution
		{7F6E6B11-7DE9-45B9-AF14-D13469CA20E2}.Debug|Any CPU.ActiveCfg = Debug|Any CPU
		{7F6E6B11-7DE9-45B9-AF14-D13469CA20E2}.Debug|Any CPU.Build.0 = Debug|Any CPU
		{7F6E6B11-7DE9-45B9-AF14-D13469CA20E2}.Release|Any CPU.ActiveCfg = Release|Any CPU
		{7F6E6B11-7DE9-45B9-AF14-D13469CA20E2}.Release|Any CPU.Build.0 = Release|Any CPU
		{DC1BBD7A-2C06-4A1A-91D0-E77214BCF1B5}.Debug|Any CPU.ActiveCfg = Debug|Any CPU
		{DC1BBD7A-2C06-4A1A-91D0-E77214BCF1B5}.Debug|Any CPU.Build.0 = Debug|Any CPU
		{DC1BBD7A-2C06-4A1A-91D0-E77214BCF1B5}.Release|Any CPU.ActiveCfg = Release|Any CPU
		{DC1BBD7A-2C06-4A1A-91D0-E77214BCF1B5}.Release|Any CPU.Build.0 = Release|Any CPU
		{2A903599-20B2-4EE4-B02C-719A16FB6730}.Debug|Any CPU.ActiveCfg = Debug|Any CPU
		{2A903599-20B2-4EE4-B02C-719A16FB6730}.Debug|Any CPU.Build.0 = Debug|Any CPU
		{2A903599-20B2-4EE4-B02C-719A16FB6730}.Release|Any CPU.ActiveCfg = Release|Any CPU
		{2A903599-20B2-4EE4-B02C-719A16FB6730}.Release|Any CPU.Build.0 = Release|Any CPU
		{D91FFBC1-0929-4C27-AC9B-8A7A79D50DD7}.Debug|Any CPU.ActiveCfg = Debug|Any CPU
		{D91FFBC1-0929-4C27-AC9B-8A7A79D50DD7}.Debug|Any CPU.Build.0 = Debug|Any CPU
		{D91FFBC1-0929-4C27-AC9B-8A7A79D50DD7}.Release|Any CPU.ActiveCfg = Release|Any CPU
		{D91FFBC1-0929-4C27-AC9B-8A7A79D50DD7}.Release|Any CPU.Build.0 = Release|Any CPU
		{EA29BEB1-E766-4884-A665-61603AFD3165}.Debug|Any CPU.ActiveCfg = Debug|Any CPU
		{EA29BEB1-E766-4884-A665-61603AFD3165}.Debug|Any CPU.Build.0 = Debug|Any CPU
		{EA29BEB1-E766-4884-A665-61603AFD3165}.Release|Any CPU.ActiveCfg = Release|Any CPU
		{EA29BEB1-E766-4884-A665-61603AFD3165}.Release|Any CPU.Build.0 = Release|Any CPU
		{03F2EDB7-783F-477C-8C09-49ADF0D77250}.Debug|Any CPU.ActiveCfg = Debug|Any CPU
		{03F2EDB7-783F-477C-8C09-49ADF0D77250}.Debug|Any CPU.Build.0 = Debug|Any CPU
		{03F2EDB7-783F-477C-8C09-49ADF0D77250}.Release|Any CPU.ActiveCfg = Release|Any CPU
		{03F2EDB7-783F-477C-8C09-49ADF0D77250}.Release|Any CPU.Build.0 = Release|Any CPU
		{4696EADF-0C49-492D-A8A9-4361FDB67217}.Debug|Any CPU.ActiveCfg = Debug|Any CPU
		{4696EADF-0C49-492D-A8A9-4361FDB67217}.Debug|Any CPU.Build.0 = Debug|Any CPU
		{4696EADF-0C49-492D-A8A9-4361FDB67217}.Release|Any CPU.ActiveCfg = Release|Any CPU
		{4696EADF-0C49-492D-A8A9-4361FDB67217}.Release|Any CPU.Build.0 = Release|Any CPU
		{C4C3CCCF-C2DE-97F0-D3D3-F4F1829A2A30}.Debug|Any CPU.ActiveCfg = Debug|Any CPU
		{C4C3CCCF-C2DE-97F0-D3D3-F4F1829A2A30}.Debug|Any CPU.Build.0 = Debug|Any CPU
		{C4C3CCCF-C2DE-97F0-D3D3-F4F1829A2A30}.Release|Any CPU.ActiveCfg = Release|Any CPU
		{C4C3CCCF-C2DE-97F0-D3D3-F4F1829A2A30}.Release|Any CPU.Build.0 = Release|Any CPU
		{43D3870B-B6AB-4389-8578-70C435F81948}.Debug|Any CPU.ActiveCfg = Debug|Any CPU
		{43D3870B-B6AB-4389-8578-70C435F81948}.Debug|Any CPU.Build.0 = Debug|Any CPU
		{43D3870B-B6AB-4389-8578-70C435F81948}.Release|Any CPU.ActiveCfg = Release|Any CPU
		{43D3870B-B6AB-4389-8578-70C435F81948}.Release|Any CPU.Build.0 = Release|Any CPU
		{D2D2A726-4451-482D-8FB3-FE3E90B7DB49}.Debug|Any CPU.ActiveCfg = Debug|Any CPU
		{D2D2A726-4451-482D-8FB3-FE3E90B7DB49}.Debug|Any CPU.Build.0 = Debug|Any CPU
		{D2D2A726-4451-482D-8FB3-FE3E90B7DB49}.Release|Any CPU.ActiveCfg = Release|Any CPU
		{D2D2A726-4451-482D-8FB3-FE3E90B7DB49}.Release|Any CPU.Build.0 = Release|Any CPU
		{6E7C73A5-3C5F-4C5B-8A3C-0FC80A11A86C}.Debug|Any CPU.ActiveCfg = Debug|Any CPU
		{6E7C73A5-3C5F-4C5B-8A3C-0FC80A11A86C}.Debug|Any CPU.Build.0 = Debug|Any CPU
		{6E7C73A5-3C5F-4C5B-8A3C-0FC80A11A86C}.Release|Any CPU.ActiveCfg = Release|Any CPU
		{6E7C73A5-3C5F-4C5B-8A3C-0FC80A11A86C}.Release|Any CPU.Build.0 = Release|Any CPU
		{813C95FD-6187-4084-8E49-1DE7A71E5B75}.Debug|Any CPU.ActiveCfg = Debug|Any CPU
		{813C95FD-6187-4084-8E49-1DE7A71E5B75}.Debug|Any CPU.Build.0 = Debug|Any CPU
		{813C95FD-6187-4084-8E49-1DE7A71E5B75}.Release|Any CPU.ActiveCfg = Release|Any CPU
		{813C95FD-6187-4084-8E49-1DE7A71E5B75}.Release|Any CPU.Build.0 = Release|Any CPU
		{2251A8C8-77B8-41FB-AF6D-27F2CB6BDE6F}.Debug|Any CPU.ActiveCfg = Debug|Any CPU
		{2251A8C8-77B8-41FB-AF6D-27F2CB6BDE6F}.Debug|Any CPU.Build.0 = Debug|Any CPU
		{2251A8C8-77B8-41FB-AF6D-27F2CB6BDE6F}.Release|Any CPU.ActiveCfg = Release|Any CPU
		{2251A8C8-77B8-41FB-AF6D-27F2CB6BDE6F}.Release|Any CPU.Build.0 = Release|Any CPU
		{B4E5C49A-F83A-499D-A5D6-BDD72CB94D06}.Debug|Any CPU.ActiveCfg = Debug|Any CPU
		{B4E5C49A-F83A-499D-A5D6-BDD72CB94D06}.Debug|Any CPU.Build.0 = Debug|Any CPU
		{B4E5C49A-F83A-499D-A5D6-BDD72CB94D06}.Release|Any CPU.ActiveCfg = Release|Any CPU
		{B4E5C49A-F83A-499D-A5D6-BDD72CB94D06}.Release|Any CPU.Build.0 = Release|Any CPU
		{45F41476-9C2C-4F7E-99C9-A069905F842A}.Debug|Any CPU.ActiveCfg = Debug|Any CPU
		{45F41476-9C2C-4F7E-99C9-A069905F842A}.Debug|Any CPU.Build.0 = Debug|Any CPU
		{45F41476-9C2C-4F7E-99C9-A069905F842A}.Release|Any CPU.ActiveCfg = Release|Any CPU
		{45F41476-9C2C-4F7E-99C9-A069905F842A}.Release|Any CPU.Build.0 = Release|Any CPU
		{2C35C1FE-523C-454C-92E8-A214BB5CFD7F}.Debug|Any CPU.ActiveCfg = Debug|Any CPU
		{2C35C1FE-523C-454C-92E8-A214BB5CFD7F}.Debug|Any CPU.Build.0 = Debug|Any CPU
		{2C35C1FE-523C-454C-92E8-A214BB5CFD7F}.Release|Any CPU.ActiveCfg = Release|Any CPU
		{2C35C1FE-523C-454C-92E8-A214BB5CFD7F}.Release|Any CPU.Build.0 = Release|Any CPU
		{BCD5F7F0-7D2F-4E26-8094-396CD20A3336}.Debug|Any CPU.ActiveCfg = Debug|Any CPU
		{BCD5F7F0-7D2F-4E26-8094-396CD20A3336}.Debug|Any CPU.Build.0 = Debug|Any CPU
		{BCD5F7F0-7D2F-4E26-8094-396CD20A3336}.Release|Any CPU.ActiveCfg = Release|Any CPU
		{BCD5F7F0-7D2F-4E26-8094-396CD20A3336}.Release|Any CPU.Build.0 = Release|Any CPU
		{F78F3E9C-A374-48E7-9879-7AA4D3518849}.Debug|Any CPU.ActiveCfg = Debug|Any CPU
		{F78F3E9C-A374-48E7-9879-7AA4D3518849}.Debug|Any CPU.Build.0 = Debug|Any CPU
		{F78F3E9C-A374-48E7-9879-7AA4D3518849}.Release|Any CPU.ActiveCfg = Release|Any CPU
		{F78F3E9C-A374-48E7-9879-7AA4D3518849}.Release|Any CPU.Build.0 = Release|Any CPU
		{421618C8-1038-45F9-A56C-378CC725162D}.Debug|Any CPU.ActiveCfg = Debug|Any CPU
		{421618C8-1038-45F9-A56C-378CC725162D}.Debug|Any CPU.Build.0 = Debug|Any CPU
		{421618C8-1038-45F9-A56C-378CC725162D}.Release|Any CPU.ActiveCfg = Release|Any CPU
		{421618C8-1038-45F9-A56C-378CC725162D}.Release|Any CPU.Build.0 = Release|Any CPU
	EndGlobalSection
	GlobalSection(SolutionProperties) = preSolution
		HideSolutionNode = FALSE
	EndGlobalSection
	GlobalSection(NestedProjects) = preSolution
		{0B9A1F68-DB1E-4B74-B353-853C8A360AE9} = {02EA681E-C7D8-13C7-8484-4AC65E1B71E8}
		{7F6E6B11-7DE9-45B9-AF14-D13469CA20E2} = {26004ADA-4894-4379-B92A-D4304699DAB1}
		{7F6A3B33-0CC8-4746-AFF8-C520FD6C72AB} = {02EA681E-C7D8-13C7-8484-4AC65E1B71E8}
		{DC1BBD7A-2C06-4A1A-91D0-E77214BCF1B5} = {0B9A1F68-DB1E-4B74-B353-853C8A360AE9}
		{2A903599-20B2-4EE4-B02C-719A16FB6730} = {0B9A1F68-DB1E-4B74-B353-853C8A360AE9}
		{D91FFBC1-0929-4C27-AC9B-8A7A79D50DD7} = {0B9A1F68-DB1E-4B74-B353-853C8A360AE9}
		{EA29BEB1-E766-4884-A665-61603AFD3165} = {0B9A1F68-DB1E-4B74-B353-853C8A360AE9}
		{754DDD82-E53E-4CD7-BE1A-6C7698601FC3} = {02EA681E-C7D8-13C7-8484-4AC65E1B71E8}
		{03F2EDB7-783F-477C-8C09-49ADF0D77250} = {A0EE1A88-D0B2-4B3F-9FAC-3DA64B54BC6D}
		{8345846F-A6C5-46C4-BCB2-27F5D02BF5B3} = {26004ADA-4894-4379-B92A-D4304699DAB1}
		{A95294CB-247A-41F8-BD00-3F0B0908A8F7} = {02EA681E-C7D8-13C7-8484-4AC65E1B71E8}
		{43D3870B-B6AB-4389-8578-70C435F81948} = {A95294CB-247A-41F8-BD00-3F0B0908A8F7}
		{D2D2A726-4451-482D-8FB3-FE3E90B7DB49} = {754DDD82-E53E-4CD7-BE1A-6C7698601FC3}
		{6E7C73A5-3C5F-4C5B-8A3C-0FC80A11A86C} = {754DDD82-E53E-4CD7-BE1A-6C7698601FC3}
		{813C95FD-6187-4084-8E49-1DE7A71E5B75} = {754DDD82-E53E-4CD7-BE1A-6C7698601FC3}
		{2251A8C8-77B8-41FB-AF6D-27F2CB6BDE6F} = {754DDD82-E53E-4CD7-BE1A-6C7698601FC3}
		{B8634416-AC19-4AA7-A08E-EFCDB1609964} = {78447E39-EC10-4AF4-9552-A077C50E773E}
		{B4E5C49A-F83A-499D-A5D6-BDD72CB94D06} = {B8634416-AC19-4AA7-A08E-EFCDB1609964}
		{4E64E6BF-7F5A-46D7-AE47-89A7D227B522} = {02EA681E-C7D8-13C7-8484-4AC65E1B71E8}
		{61DAC635-FAFA-46D5-B37B-AAFDBE11D3FB} = {02EA681E-C7D8-13C7-8484-4AC65E1B71E8}
		{45F41476-9C2C-4F7E-99C9-A069905F842A} = {26004ADA-4894-4379-B92A-D4304699DAB1}
		{2C35C1FE-523C-454C-92E8-A214BB5CFD7F} = {4E64E6BF-7F5A-46D7-AE47-89A7D227B522}
		{BCD5F7F0-7D2F-4E26-8094-396CD20A3336} = {4E64E6BF-7F5A-46D7-AE47-89A7D227B522}
		{F78F3E9C-A374-48E7-9879-7AA4D3518849} = {4E64E6BF-7F5A-46D7-AE47-89A7D227B522}
		{421618C8-1038-45F9-A56C-378CC725162D} = {4E64E6BF-7F5A-46D7-AE47-89A7D227B522}
	EndGlobalSection
	GlobalSection(ExtensibilityGlobals) = postSolution
		SolutionGuid = {394B6413-8BAF-44B5-8359-053DD7F70898}
	EndGlobalSection
EndGlobal
